
Microsoft Visual Studio Solution File, Format Version 12.00
# Visual Studio 15
VisualStudioVersion = 15.0.27428.2005
MinimumVisualStudioVersion = 10.0.40219.1
Project("{FAE04EC0-301F-11D3-BF4B-00C04F79EFBC}") = "BookingSystem.Android", "BookingSystem\BookingSystem.Android\BookingSystem.Android.csproj", "{14DC00E7-DC9B-4D7E-9D46-60C1C57EE6AE}"
EndProject
Project("{D954291E-2A0B-460D-934E-DC6B0785DB48}") = "BookingSystem", "BookingSystem\BookingSystem\BookingSystem.shproj", "{EB611760-BA54-4212-B93A-F5709801B283}"
EndProject
Global
	GlobalSection(SharedMSBuildProjectFiles) = preSolution
		BookingSystem\BookingSystem\BookingSystem.projitems*{14dc00e7-dc9b-4d7e-9d46-60c1c57ee6ae}*SharedItemsImports = 4
		BookingSystem\BookingSystem\BookingSystem.projitems*{eb611760-ba54-4212-b93a-f5709801b283}*SharedItemsImports = 13
	EndGlobalSection
	GlobalSection(SolutionConfigurationPlatforms) = preSolution
		Debug|Any CPU = Debug|Any CPU
		Release|Any CPU = Release|Any CPU
	EndGlobalSection
	GlobalSection(ProjectConfigurationPlatforms) = postSolution
		{14DC00E7-DC9B-4D7E-9D46-60C1C57EE6AE}.Debug|Any CPU.ActiveCfg = Debug|Any CPU
		{14DC00E7-DC9B-4D7E-9D46-60C1C57EE6AE}.Debug|Any CPU.Build.0 = Debug|Any CPU
		{14DC00E7-DC9B-4D7E-9D46-60C1C57EE6AE}.Debug|Any CPU.Deploy.0 = Debug|Any CPU
		{14DC00E7-DC9B-4D7E-9D46-60C1C57EE6AE}.Release|Any CPU.ActiveCfg = Release|Any CPU
		{14DC00E7-DC9B-4D7E-9D46-60C1C57EE6AE}.Release|Any CPU.Build.0 = Release|Any CPU
		{14DC00E7-DC9B-4D7E-9D46-60C1C57EE6AE}.Release|Any CPU.Deploy.0 = Release|Any CPU
	EndGlobalSection
	GlobalSection(SolutionProperties) = preSolution
		HideSolutionNode = FALSE
	EndGlobalSection
	GlobalSection(ExtensibilityGlobals) = postSolution
		SolutionGuid = {8392D239-7E0B-4A44-A753-53AFA5D04A5A}
	EndGlobalSection
EndGlobal
